
Microsoft Visual Studio Solution File, Format Version 12.00
# Visual Studio Version 18
VisualStudioVersion = 18.0.11222.15
MinimumVisualStudioVersion = 10.0.40219.1
Project("{FAE04EC0-301F-11D3-BF4B-00C04F79EFBC}") = "RealEstateApp.WebApp", "RealEstateApp.WebApp\RealEstateApp.WebApp.csproj", "{E14F257D-3C92-4B65-9C56-CD3277E6FF47}"
EndProject
Project("{2150E333-8FDC-42A3-9474-1A3956D46DE8}") = "Source", "Source", "{02EA681E-C7D8-13C7-8484-4AC65E1B71E8}"
EndProject
Project("{2150E333-8FDC-42A3-9474-1A3956D46DE8}") = "Core", "Core", "{2B9E5905-5EA1-4E71-93AF-865333B05608}"
EndProject
Project("{2150E333-8FDC-42A3-9474-1A3956D46DE8}") = "Infraestructure", "Infraestructure", "{828F09FE-1BEB-44DE-898C-DCF465658837}"
EndProject
Project("{2150E333-8FDC-42A3-9474-1A3956D46DE8}") = "Presentation", "Presentation", "{6F1C241B-6B6F-43A7-A4FC-6FA1BC6CBC14}"
EndProject
Project("{2150E333-8FDC-42A3-9474-1A3956D46DE8}") = "WebApp", "WebApp", "{A8040215-9B91-4BAB-B020-2D8D441CF53A}"
EndProject
Project("{2150E333-8FDC-42A3-9474-1A3956D46DE8}") = "WebApi", "WebApi", "{98322B4C-2DC5-4228-9577-CEA0AD6A6F72}"
EndProject
Project("{2150E333-8FDC-42A3-9474-1A3956D46DE8}") = "Test", "Test", "{7F7420BD-94E9-48D3-94B0-92B25D0DEB33}"
EndProject
Project("{FAE04EC0-301F-11D3-BF4B-00C04F79EFBC}") = "RealEstateApp.Application", "RealEstateApp.Application\RealEstateApp.Application.csproj", "{DF00644F-2429-433D-91D0-9DDA335AA0E3}"
EndProject
Project("{FAE04EC0-301F-11D3-BF4B-00C04F79EFBC}") = "RealEstateApp.Domain", "RealEstateApp.Domain\RealEstateApp.Domain.csproj", "{EA7D1331-1D6F-4742-9235-7941B9C78E3D}"
EndProject
Project("{FAE04EC0-301F-11D3-BF4B-00C04F79EFBC}") = "RealEstateApp.Persistence", "RealEstateApp.Persistence\RealEstateApp.Persistence.csproj", "{2308D92D-8AFC-4388-90DE-DFDEAD31A8C6}"
EndProject
Project("{FAE04EC0-301F-11D3-BF4B-00C04F79EFBC}") = "RealEstateApp.Identity", "RealEstateApp.Identity\RealEstateApp.Identity.csproj", "{28484467-3AD6-4F3D-81DD-C963255586F3}"
EndProject
Project("{FAE04EC0-301F-11D3-BF4B-00C04F79EFBC}") = "RealEstateApp.Shared", "RealEstateApp.Shared\RealEstateApp.Shared.csproj", "{4B7567B3-AB4F-4317-8E2C-D4CF0F653A95}"
EndProject
Project("{FAE04EC0-301F-11D3-BF4B-00C04F79EFBC}") = "RealEstateApp.Integration.Test", "RealEstateApp.Integration.Test\RealEstateApp.Integration.Test.csproj", "{9BF5E8B1-FAEA-4D9D-AE42-4368215EDABE}"
EndProject
Project("{FAE04EC0-301F-11D3-BF4B-00C04F79EFBC}") = "RealEstateApp.Unit.Tests", "RealEstateApp.Unit.Tests\RealEstateApp.Unit.Tests.csproj", "{0306D3A0-228F-420A-9FF2-0F707043FB54}"
EndProject
Project("{FAE04EC0-301F-11D3-BF4B-00C04F79EFBC}") = "RealEstateApp.Api", "RealEstateApp.Api\RealEstateApp.Api.csproj", "{3AF5D8C3-8CB5-4020-8D7B-F9EC6D6084BC}"
EndProject
Global
	GlobalSection(SolutionConfigurationPlatforms) = preSolution
		Debug|Any CPU = Debug|Any CPU
		Release|Any CPU = Release|Any CPU
	EndGlobalSection
	GlobalSection(ProjectConfigurationPlatforms) = postSolution
		{E14F257D-3C92-4B65-9C56-CD3277E6FF47}.Debug|Any CPU.ActiveCfg = Debug|Any CPU
		{E14F257D-3C92-4B65-9C56-CD3277E6FF47}.Debug|Any CPU.Build.0 = Debug|Any CPU
		{E14F257D-3C92-4B65-9C56-CD3277E6FF47}.Release|Any CPU.ActiveCfg = Release|Any CPU
		{E14F257D-3C92-4B65-9C56-CD3277E6FF47}.Release|Any CPU.Build.0 = Release|Any CPU
		{DF00644F-2429-433D-91D0-9DDA335AA0E3}.Debug|Any CPU.ActiveCfg = Debug|Any CPU
		{DF00644F-2429-433D-91D0-9DDA335AA0E3}.Debug|Any CPU.Build.0 = Debug|Any CPU
		{DF00644F-2429-433D-91D0-9DDA335AA0E3}.Release|Any CPU.ActiveCfg = Release|Any CPU
		{DF00644F-2429-433D-91D0-9DDA335AA0E3}.Release|Any CPU.Build.0 = Release|Any CPU
		{EA7D1331-1D6F-4742-9235-7941B9C78E3D}.Debug|Any CPU.ActiveCfg = Debug|Any CPU
		{EA7D1331-1D6F-4742-9235-7941B9C78E3D}.Debug|Any CPU.Build.0 = Debug|Any CPU
		{EA7D1331-1D6F-4742-9235-7941B9C78E3D}.Release|Any CPU.ActiveCfg = Release|Any CPU
		{EA7D1331-1D6F-4742-9235-7941B9C78E3D}.Release|Any CPU.Build.0 = Release|Any CPU
		{2308D92D-8AFC-4388-90DE-DFDEAD31A8C6}.Debug|Any CPU.ActiveCfg = Debug|Any CPU
		{2308D92D-8AFC-4388-90DE-DFDEAD31A8C6}.Debug|Any CPU.Build.0 = Debug|Any CPU
		{2308D92D-8AFC-4388-90DE-DFDEAD31A8C6}.Release|Any CPU.ActiveCfg = Release|Any CPU
		{2308D92D-8AFC-4388-90DE-DFDEAD31A8C6}.Release|Any CPU.Build.0 = Release|Any CPU
		{28484467-3AD6-4F3D-81DD-C963255586F3}.Debug|Any CPU.ActiveCfg = Debug|Any CPU
		{28484467-3AD6-4F3D-81DD-C963255586F3}.Debug|Any CPU.Build.0 = Debug|Any CPU
		{28484467-3AD6-4F3D-81DD-C963255586F3}.Release|Any CPU.ActiveCfg = Release|Any CPU
		{28484467-3AD6-4F3D-81DD-C963255586F3}.Release|Any CPU.Build.0 = Release|Any CPU
		{4B7567B3-AB4F-4317-8E2C-D4CF0F653A95}.Debug|Any CPU.ActiveCfg = Debug|Any CPU
		{4B7567B3-AB4F-4317-8E2C-D4CF0F653A95}.Debug|Any CPU.Build.0 = Debug|Any CPU
		{4B7567B3-AB4F-4317-8E2C-D4CF0F653A95}.Release|Any CPU.ActiveCfg = Release|Any CPU
		{4B7567B3-AB4F-4317-8E2C-D4CF0F653A95}.Release|Any CPU.Build.0 = Release|Any CPU
		{9BF5E8B1-FAEA-4D9D-AE42-4368215EDABE}.Debug|Any CPU.ActiveCfg = Debug|Any CPU
		{9BF5E8B1-FAEA-4D9D-AE42-4368215EDABE}.Debug|Any CPU.Build.0 = Debug|Any CPU
		{9BF5E8B1-FAEA-4D9D-AE42-4368215EDABE}.Release|Any CPU.ActiveCfg = Release|Any CPU
		{9BF5E8B1-FAEA-4D9D-AE42-4368215EDABE}.Release|Any CPU.Build.0 = Release|Any CPU
		{0306D3A0-228F-420A-9FF2-0F707043FB54}.Debug|Any CPU.ActiveCfg = Debug|Any CPU
		{0306D3A0-228F-420A-9FF2-0F707043FB54}.Debug|Any CPU.Build.0 = Debug|Any CPU
		{0306D3A0-228F-420A-9FF2-0F707043FB54}.Release|Any CPU.ActiveCfg = Release|Any CPU
		{0306D3A0-228F-420A-9FF2-0F707043FB54}.Release|Any CPU.Build.0 = Release|Any CPU
		{3AF5D8C3-8CB5-4020-8D7B-F9EC6D6084BC}.Debug|Any CPU.ActiveCfg = Debug|Any CPU
		{3AF5D8C3-8CB5-4020-8D7B-F9EC6D6084BC}.Debug|Any CPU.Build.0 = Debug|Any CPU
		{3AF5D8C3-8CB5-4020-8D7B-F9EC6D6084BC}.Release|Any CPU.ActiveCfg = Release|Any CPU
		{3AF5D8C3-8CB5-4020-8D7B-F9EC6D6084BC}.Release|Any CPU.Build.0 = Release|Any CPU
	EndGlobalSection
	GlobalSection(SolutionProperties) = preSolution
		HideSolutionNode = FALSE
	EndGlobalSection
	GlobalSection(NestedProjects) = preSolution
		{E14F257D-3C92-4B65-9C56-CD3277E6FF47} = {A8040215-9B91-4BAB-B020-2D8D441CF53A}
		{2B9E5905-5EA1-4E71-93AF-865333B05608} = {02EA681E-C7D8-13C7-8484-4AC65E1B71E8}
		{828F09FE-1BEB-44DE-898C-DCF465658837} = {02EA681E-C7D8-13C7-8484-4AC65E1B71E8}
		{6F1C241B-6B6F-43A7-A4FC-6FA1BC6CBC14} = {02EA681E-C7D8-13C7-8484-4AC65E1B71E8}
		{A8040215-9B91-4BAB-B020-2D8D441CF53A} = {6F1C241B-6B6F-43A7-A4FC-6FA1BC6CBC14}
		{98322B4C-2DC5-4228-9577-CEA0AD6A6F72} = {6F1C241B-6B6F-43A7-A4FC-6FA1BC6CBC14}
		{7F7420BD-94E9-48D3-94B0-92B25D0DEB33} = {02EA681E-C7D8-13C7-8484-4AC65E1B71E8}
		{DF00644F-2429-433D-91D0-9DDA335AA0E3} = {2B9E5905-5EA1-4E71-93AF-865333B05608}
		{EA7D1331-1D6F-4742-9235-7941B9C78E3D} = {2B9E5905-5EA1-4E71-93AF-865333B05608}
		{2308D92D-8AFC-4388-90DE-DFDEAD31A8C6} = {828F09FE-1BEB-44DE-898C-DCF465658837}
		{28484467-3AD6-4F3D-81DD-C963255586F3} = {828F09FE-1BEB-44DE-898C-DCF465658837}
		{4B7567B3-AB4F-4317-8E2C-D4CF0F653A95} = {828F09FE-1BEB-44DE-898C-DCF465658837}
		{9BF5E8B1-FAEA-4D9D-AE42-4368215EDABE} = {7F7420BD-94E9-48D3-94B0-92B25D0DEB33}
		{0306D3A0-228F-420A-9FF2-0F707043FB54} = {7F7420BD-94E9-48D3-94B0-92B25D0DEB33}
		{3AF5D8C3-8CB5-4020-8D7B-F9EC6D6084BC} = {98322B4C-2DC5-4228-9577-CEA0AD6A6F72}
	EndGlobalSection
	GlobalSection(ExtensibilityGlobals) = postSolution
		SolutionGuid = {2FA90527-1719-41A8-A3C9-B0041A4203AE}
	EndGlobalSection
EndGlobal
